
Microsoft Visual Studio Solution File, Format Version 12.00
# Visual Studio Version 17
VisualStudioVersion = 17.1.32421.90
MinimumVisualStudioVersion = 10.0.40219.1
Project("{9A19103F-16F7-4668-BE54-9A1E7A4F7556}") = "WebScraper.API", "WebScraper.API\WebScraper.API.csproj", "{2BA21C8F-55FA-4B23-B442-066BE3E1FD0A}"
EndProject
Project("{9A19103F-16F7-4668-BE54-9A1E7A4F7556}") = "WebScraper.Application", "WebScraper.Application\WebScraper.Application.csproj", "{F5EAADE8-9B1F-45DE-921C-4250B1393E82}"
EndProject
Project("{9A19103F-16F7-4668-BE54-9A1E7A4F7556}") = "WebScraper.Data", "WebScraper.Data\WebScraper.Data.csproj", "{DE41A9ED-81D4-47F4-B141-543979204ED0}"
EndProject
Project("{54A90642-561A-4BB1-A94E-469ADEE60C69}") = "WebScraper.Client", "WebScraper.Client\WebScraper.Client.esproj", "{3B809579-2C25-49A8-8ACE-728412CA5558}"
EndProject
Global
	GlobalSection(SolutionConfigurationPlatforms) = preSolution
		Debug|Any CPU = Debug|Any CPU
		Release|Any CPU = Release|Any CPU
	EndGlobalSection
	GlobalSection(ProjectConfigurationPlatforms) = postSolution
		{2BA21C8F-55FA-4B23-B442-066BE3E1FD0A}.Debug|Any CPU.ActiveCfg = Debug|Any CPU
		{2BA21C8F-55FA-4B23-B442-066BE3E1FD0A}.Debug|Any CPU.Build.0 = Debug|Any CPU
		{2BA21C8F-55FA-4B23-B442-066BE3E1FD0A}.Release|Any CPU.ActiveCfg = Release|Any CPU
		{2BA21C8F-55FA-4B23-B442-066BE3E1FD0A}.Release|Any CPU.Build.0 = Release|Any CPU
		{F5EAADE8-9B1F-45DE-921C-4250B1393E82}.Debug|Any CPU.ActiveCfg = Debug|Any CPU
		{F5EAADE8-9B1F-45DE-921C-4250B1393E82}.Debug|Any CPU.Build.0 = Debug|Any CPU
		{F5EAADE8-9B1F-45DE-921C-4250B1393E82}.Release|Any CPU.ActiveCfg = Release|Any CPU
		{F5EAADE8-9B1F-45DE-921C-4250B1393E82}.Release|Any CPU.Build.0 = Release|Any CPU
		{DE41A9ED-81D4-47F4-B141-543979204ED0}.Debug|Any CPU.ActiveCfg = Debug|Any CPU
		{DE41A9ED-81D4-47F4-B141-543979204ED0}.Debug|Any CPU.Build.0 = Debug|Any CPU
		{DE41A9ED-81D4-47F4-B141-543979204ED0}.Release|Any CPU.ActiveCfg = Release|Any CPU
		{DE41A9ED-81D4-47F4-B141-543979204ED0}.Release|Any CPU.Build.0 = Release|Any CPU
		{3B809579-2C25-49A8-8ACE-728412CA5558}.Debug|Any CPU.ActiveCfg = Debug|Any CPU
		{3B809579-2C25-49A8-8ACE-728412CA5558}.Debug|Any CPU.Build.0 = Debug|Any CPU
		{3B809579-2C25-49A8-8ACE-728412CA5558}.Debug|Any CPU.Deploy.0 = Debug|Any CPU
		{3B809579-2C25-49A8-8ACE-728412CA5558}.Release|Any CPU.ActiveCfg = Release|Any CPU
		{3B809579-2C25-49A8-8ACE-728412CA5558}.Release|Any CPU.Build.0 = Release|Any CPU
		{3B809579-2C25-49A8-8ACE-728412CA5558}.Release|Any CPU.Deploy.0 = Release|Any CPU
	EndGlobalSection
	GlobalSection(SolutionProperties) = preSolution
		HideSolutionNode = FALSE
	EndGlobalSection
	GlobalSection(ExtensibilityGlobals) = postSolution
		SolutionGuid = {0272F2C9-21C7-40B3-9D9F-2E863DAF5950}
	EndGlobalSection
EndGlobal
